// !$*UTF8*$!
{
	archiveVersion = 1;
	classes = {
	};
	objectVersion = 55;
	objects = {

/* Begin PBXBuildFile section */
		1C63F33A71B73EF9CE8391AC /* Pods_OnStage.framework in Frameworks */ = {isa = PBXBuildFile; fileRef = 77A734C0FCE12E3D26BDF194 /* Pods_OnStage.framework */; };
		C60745B5280FA25D00E23669 /* verifCodeController.swift in Sources */ = {isa = PBXBuildFile; fileRef = C60745B4280FA25D00E23669 /* verifCodeController.swift */; };
		C6233AE92806295200693ED0 /* TED.mp4 in Resources */ = {isa = PBXBuildFile; fileRef = C6233AE82806295200693ED0 /* TED.mp4 */; };
		C6233AEB28062B0300693ED0 /* VideosViewController.swift in Sources */ = {isa = PBXBuildFile; fileRef = C6233AEA28062B0300693ED0 /* VideosViewController.swift */; };
		C6233AED280634FF00693ED0 /* VideoCollectionViewCell.swift in Sources */ = {isa = PBXBuildFile; fileRef = C6233AEC280634FF00693ED0 /* VideoCollectionViewCell.swift */; };
		C635F58C2821EFCF00714F8C /* ImagePickerManager.swift in Sources */ = {isa = PBXBuildFile; fileRef = C635F58B2821EFCF00714F8C /* ImagePickerManager.swift */; };
		C635F58E2821F24400714F8C /* Alert.swift in Sources */ = {isa = PBXBuildFile; fileRef = C635F58D2821F24400714F8C /* Alert.swift */; };
		C635F5922821F50200714F8C /* AddPostViewController.swift in Sources */ = {isa = PBXBuildFile; fileRef = C635F5912821F50100714F8C /* AddPostViewController.swift */; };
		C6820DE728214D950047AF58 /* ModifProfileViewController.swift in Sources */ = {isa = PBXBuildFile; fileRef = C6820DE628214D950047AF58 /* ModifProfileViewController.swift */; };
		C690AEFC280F0D8C003B3ABB /* APIManagaer.swift in Sources */ = {isa = PBXBuildFile; fileRef = C690AEFB280F0D8C003B3ABB /* APIManagaer.swift */; };
		C690AEFF280F0EE1003B3ABB /* Alamofire in Frameworks */ = {isa = PBXBuildFile; productRef = C690AEFE280F0EE1003B3ABB /* Alamofire */; };
		C690AF01280F1153003B3ABB /* UserModel.swift in Sources */ = {isa = PBXBuildFile; fileRef = C690AF00280F1153003B3ABB /* UserModel.swift */; };
		C690AF03280F1211003B3ABB /* Constant.swift in Sources */ = {isa = PBXBuildFile; fileRef = C690AF02280F1211003B3ABB /* Constant.swift */; };
		C690AF05280F1A35003B3ABB /* sendCodeController.swift in Sources */ = {isa = PBXBuildFile; fileRef = C690AF04280F1A35003B3ABB /* sendCodeController.swift */; };
		C6B8D800280029B200C8AF5E /* NewsViewController.swift in Sources */ = {isa = PBXBuildFile; fileRef = C6B8D7FF280029B200C8AF5E /* NewsViewController.swift */; };
		C6C9984727FF145600311211 /* AppDelegate.swift in Sources */ = {isa = PBXBuildFile; fileRef = C6C9984627FF145600311211 /* AppDelegate.swift */; };
		C6C9984927FF145600311211 /* SceneDelegate.swift in Sources */ = {isa = PBXBuildFile; fileRef = C6C9984827FF145600311211 /* SceneDelegate.swift */; };
		C6C9984B27FF145600311211 /* ViewController.swift in Sources */ = {isa = PBXBuildFile; fileRef = C6C9984A27FF145600311211 /* ViewController.swift */; };
		C6C9984E27FF145600311211 /* Main.storyboard in Resources */ = {isa = PBXBuildFile; fileRef = C6C9984C27FF145600311211 /* Main.storyboard */; };
		C6C9985127FF145600311211 /* OnStage.xcdatamodeld in Sources */ = {isa = PBXBuildFile; fileRef = C6C9984F27FF145600311211 /* OnStage.xcdatamodeld */; };
		C6C9985327FF145E00311211 /* Assets.xcassets in Resources */ = {isa = PBXBuildFile; fileRef = C6C9985227FF145E00311211 /* Assets.xcassets */; };
		C6C9985627FF145F00311211 /* LaunchScreen.storyboard in Resources */ = {isa = PBXBuildFile; fileRef = C6C9985427FF145F00311211 /* LaunchScreen.storyboard */; };
		C6C9986127FF146100311211 /* OnStageTests.swift in Sources */ = {isa = PBXBuildFile; fileRef = C6C9986027FF146100311211 /* OnStageTests.swift */; };
		C6C9986B27FF146100311211 /* OnStageUITests.swift in Sources */ = {isa = PBXBuildFile; fileRef = C6C9986A27FF146100311211 /* OnStageUITests.swift */; };
		C6C9986D27FF146200311211 /* OnStageUITestsLaunchTests.swift in Sources */ = {isa = PBXBuildFile; fileRef = C6C9986C27FF146200311211 /* OnStageUITestsLaunchTests.swift */; };
/* End PBXBuildFile section */

/* Begin PBXContainerItemProxy section */
		C6C9985D27FF146100311211 /* PBXContainerItemProxy */ = {
			isa = PBXContainerItemProxy;
			containerPortal = C6C9983B27FF145500311211 /* Project object */;
			proxyType = 1;
			remoteGlobalIDString = C6C9984227FF145500311211;
			remoteInfo = OnStage;
		};
		C6C9986727FF146100311211 /* PBXContainerItemProxy */ = {
			isa = PBXContainerItemProxy;
			containerPortal = C6C9983B27FF145500311211 /* Project object */;
			proxyType = 1;
			remoteGlobalIDString = C6C9984227FF145500311211;
			remoteInfo = OnStage;
		};
/* End PBXContainerItemProxy section */

/* Begin PBXFileReference section */
		355BC1D8E976D841A3F9DF0C /* Pods-OnStage.debug.xcconfig */ = {isa = PBXFileReference; includeInIndex = 1; lastKnownFileType = text.xcconfig; name = "Pods-OnStage.debug.xcconfig"; path = "Target Support Files/Pods-OnStage/Pods-OnStage.debug.xcconfig"; sourceTree = "<group>"; };
		77A734C0FCE12E3D26BDF194 /* Pods_OnStage.framework */ = {isa = PBXFileReference; explicitFileType = wrapper.framework; includeInIndex = 0; path = Pods_OnStage.framework; sourceTree = BUILT_PRODUCTS_DIR; };
		7E6063B9B90C341D1C92D010 /* Pods-OnStage.release.xcconfig */ = {isa = PBXFileReference; includeInIndex = 1; lastKnownFileType = text.xcconfig; name = "Pods-OnStage.release.xcconfig"; path = "Target Support Files/Pods-OnStage/Pods-OnStage.release.xcconfig"; sourceTree = "<group>"; };
		C60745B4280FA25D00E23669 /* verifCodeController.swift */ = {isa = PBXFileReference; lastKnownFileType = sourcecode.swift; path = verifCodeController.swift; sourceTree = "<group>"; };
		C6233AE82806295200693ED0 /* TED.mp4 */ = {isa = PBXFileReference; lastKnownFileType = file; path = TED.mp4; sourceTree = "<group>"; };
		C6233AEA28062B0300693ED0 /* VideosViewController.swift */ = {isa = PBXFileReference; lastKnownFileType = sourcecode.swift; path = VideosViewController.swift; sourceTree = "<group>"; };
		C6233AEC280634FF00693ED0 /* VideoCollectionViewCell.swift */ = {isa = PBXFileReference; lastKnownFileType = sourcecode.swift; path = VideoCollectionViewCell.swift; sourceTree = "<group>"; };
		C635F58B2821EFCF00714F8C /* ImagePickerManager.swift */ = {isa = PBXFileReference; fileEncoding = 4; lastKnownFileType = sourcecode.swift; path = ImagePickerManager.swift; sourceTree = "<group>"; };
		C635F58D2821F24400714F8C /* Alert.swift */ = {isa = PBXFileReference; fileEncoding = 4; lastKnownFileType = sourcecode.swift; name = Alert.swift; path = ../../../../../Downloads/ios/OnStage/OnStage/View/Alert.swift; sourceTree = "<group>"; };
		C635F5912821F50100714F8C /* AddPostViewController.swift */ = {isa = PBXFileReference; fileEncoding = 4; lastKnownFileType = sourcecode.swift; path = AddPostViewController.swift; sourceTree = "<group>"; };
		C6820DE628214D950047AF58 /* ModifProfileViewController.swift */ = {isa = PBXFileReference; lastKnownFileType = sourcecode.swift; path = ModifProfileViewController.swift; sourceTree = "<group>"; };
		C690AEFB280F0D8C003B3ABB /* APIManagaer.swift */ = {isa = PBXFileReference; lastKnownFileType = sourcecode.swift; path = APIManagaer.swift; sourceTree = "<group>"; };
		C690AF00280F1153003B3ABB /* UserModel.swift */ = {isa = PBXFileReference; lastKnownFileType = sourcecode.swift; path = UserModel.swift; sourceTree = "<group>"; };
		C690AF02280F1211003B3ABB /* Constant.swift */ = {isa = PBXFileReference; lastKnownFileType = sourcecode.swift; path = Constant.swift; sourceTree = "<group>"; };
		C690AF04280F1A35003B3ABB /* sendCodeController.swift */ = {isa = PBXFileReference; lastKnownFileType = sourcecode.swift; path = sendCodeController.swift; sourceTree = "<group>"; };
		C6B8D7FF280029B200C8AF5E /* NewsViewController.swift */ = {isa = PBXFileReference; lastKnownFileType = sourcecode.swift; path = NewsViewController.swift; sourceTree = "<group>"; };
		C6C9984327FF145500311211 /* OnStage.app */ = {isa = PBXFileReference; explicitFileType = wrapper.application; includeInIndex = 0; path = OnStage.app; sourceTree = BUILT_PRODUCTS_DIR; };
		C6C9984627FF145600311211 /* AppDelegate.swift */ = {isa = PBXFileReference; lastKnownFileType = sourcecode.swift; path = AppDelegate.swift; sourceTree = "<group>"; };
		C6C9984827FF145600311211 /* SceneDelegate.swift */ = {isa = PBXFileReference; lastKnownFileType = sourcecode.swift; path = SceneDelegate.swift; sourceTree = "<group>"; };
		C6C9984A27FF145600311211 /* ViewController.swift */ = {isa = PBXFileReference; lastKnownFileType = sourcecode.swift; path = ViewController.swift; sourceTree = "<group>"; };
		C6C9984D27FF145600311211 /* Base */ = {isa = PBXFileReference; lastKnownFileType = file.storyboard; name = Base; path = Base.lproj/Main.storyboard; sourceTree = "<group>"; };
		C6C9985027FF145600311211 /* OnStage.xcdatamodel */ = {isa = PBXFileReference; lastKnownFileType = wrapper.xcdatamodel; path = OnStage.xcdatamodel; sourceTree = "<group>"; };
		C6C9985227FF145E00311211 /* Assets.xcassets */ = {isa = PBXFileReference; lastKnownFileType = folder.assetcatalog; path = Assets.xcassets; sourceTree = "<group>"; };
		C6C9985527FF145F00311211 /* Base */ = {isa = PBXFileReference; lastKnownFileType = file.storyboard; name = Base; path = Base.lproj/LaunchScreen.storyboard; sourceTree = "<group>"; };
		C6C9985727FF145F00311211 /* Info.plist */ = {isa = PBXFileReference; lastKnownFileType = text.plist.xml; path = Info.plist; sourceTree = "<group>"; };
		C6C9985C27FF146100311211 /* OnStageTests.xctest */ = {isa = PBXFileReference; explicitFileType = wrapper.cfbundle; includeInIndex = 0; path = OnStageTests.xctest; sourceTree = BUILT_PRODUCTS_DIR; };
		C6C9986027FF146100311211 /* OnStageTests.swift */ = {isa = PBXFileReference; lastKnownFileType = sourcecode.swift; path = OnStageTests.swift; sourceTree = "<group>"; };
		C6C9986627FF146100311211 /* OnStageUITests.xctest */ = {isa = PBXFileReference; explicitFileType = wrapper.cfbundle; includeInIndex = 0; path = OnStageUITests.xctest; sourceTree = BUILT_PRODUCTS_DIR; };
		C6C9986A27FF146100311211 /* OnStageUITests.swift */ = {isa = PBXFileReference; lastKnownFileType = sourcecode.swift; path = OnStageUITests.swift; sourceTree = "<group>"; };
		C6C9986C27FF146200311211 /* OnStageUITestsLaunchTests.swift */ = {isa = PBXFileReference; lastKnownFileType = sourcecode.swift; path = OnStageUITestsLaunchTests.swift; sourceTree = "<group>"; };
/* End PBXFileReference section */

/* Begin PBXFrameworksBuildPhase section */
		C6C9984027FF145500311211 /* Frameworks */ = {
			isa = PBXFrameworksBuildPhase;
			buildActionMask = 2147483647;
			files = (
				C690AEFF280F0EE1003B3ABB /* Alamofire in Frameworks */,
				1C63F33A71B73EF9CE8391AC /* Pods_OnStage.framework in Frameworks */,
			);
			runOnlyForDeploymentPostprocessing = 0;
		};
		C6C9985927FF146100311211 /* Frameworks */ = {
			isa = PBXFrameworksBuildPhase;
			buildActionMask = 2147483647;
			files = (
			);
			runOnlyForDeploymentPostprocessing = 0;
		};
		C6C9986327FF146100311211 /* Frameworks */ = {
			isa = PBXFrameworksBuildPhase;
			buildActionMask = 2147483647;
			files = (
			);
			runOnlyForDeploymentPostprocessing = 0;
		};
/* End PBXFrameworksBuildPhase section */

/* Begin PBXGroup section */
		2EA4F202674E5AFCC0B48098 /* Frameworks */ = {
			isa = PBXGroup;
			children = (
				77A734C0FCE12E3D26BDF194 /* Pods_OnStage.framework */,
			);
			name = Frameworks;
			sourceTree = "<group>";
		};
		B3AF9BD7FDD5638CE707AC88 /* Pods */ = {
			isa = PBXGroup;
			children = (
				355BC1D8E976D841A3F9DF0C /* Pods-OnStage.debug.xcconfig */,
				7E6063B9B90C341D1C92D010 /* Pods-OnStage.release.xcconfig */,
			);
			path = Pods;
			sourceTree = "<group>";
		};
		C690AEF6280F0C9F003B3ABB /* APIManager */ = {
			isa = PBXGroup;
			children = (
				C690AEFB280F0D8C003B3ABB /* APIManagaer.swift */,
			);
			path = APIManager;
			sourceTree = "<group>";
		};
		C690AEF7280F0CDB003B3ABB /* Model */ = {
			isa = PBXGroup;
			children = (
				C690AF00280F1153003B3ABB /* UserModel.swift */,
			);
			path = Model;
			sourceTree = "<group>";
		};
		C690AEF8280F0D09003B3ABB /* Controllers */ = {
			isa = PBXGroup;
			children = (
				C6233AEA28062B0300693ED0 /* VideosViewController.swift */,
				C6B8D7FF280029B200C8AF5E /* NewsViewController.swift */,
				C635F5912821F50100714F8C /* AddPostViewController.swift */,
				C635F58D2821F24400714F8C /* Alert.swift */,
				C635F58B2821EFCF00714F8C /* ImagePickerManager.swift */,
				C6233AEC280634FF00693ED0 /* VideoCollectionViewCell.swift */,
				C6C9984A27FF145600311211 /* ViewController.swift */,
				C690AF04280F1A35003B3ABB /* sendCodeController.swift */,
				C60745B4280FA25D00E23669 /* verifCodeController.swift */,
				C6820DE628214D950047AF58 /* ModifProfileViewController.swift */,
			);
			path = Controllers;
			sourceTree = "<group>";
		};
		C690AEFA280F0D66003B3ABB /* Constant */ = {
			isa = PBXGroup;
			children = (
				C690AF02280F1211003B3ABB /* Constant.swift */,
			);
			path = Constant;
			sourceTree = "<group>";
		};
		C6C9983A27FF145500311211 = {
			isa = PBXGroup;
			children = (
				C6C9984527FF145500311211 /* OnStage */,
				C6C9985F27FF146100311211 /* OnStageTests */,
				C6C9986927FF146100311211 /* OnStageUITests */,
				C6C9984427FF145500311211 /* Products */,
				B3AF9BD7FDD5638CE707AC88 /* Pods */,
				2EA4F202674E5AFCC0B48098 /* Frameworks */,
			);
			sourceTree = "<group>";
		};
		C6C9984427FF145500311211 /* Products */ = {
			isa = PBXGroup;
			children = (
				C6C9984327FF145500311211 /* OnStage.app */,
				C6C9985C27FF146100311211 /* OnStageTests.xctest */,
				C6C9986627FF146100311211 /* OnStageUITests.xctest */,
			);
			name = Products;
			sourceTree = "<group>";
		};
		C6C9984527FF145500311211 /* OnStage */ = {
			isa = PBXGroup;
			children = (
				C690AEFA280F0D66003B3ABB /* Constant */,
				C690AEF8280F0D09003B3ABB /* Controllers */,
				C690AEF7280F0CDB003B3ABB /* Model */,
				C690AEF6280F0C9F003B3ABB /* APIManager */,
				C6C9984627FF145600311211 /* AppDelegate.swift */,
				C6C9984827FF145600311211 /* SceneDelegate.swift */,
				C6233AE82806295200693ED0 /* TED.mp4 */,
				C6C9984C27FF145600311211 /* Main.storyboard */,
				C6C9985227FF145E00311211 /* Assets.xcassets */,
				C6C9985427FF145F00311211 /* LaunchScreen.storyboard */,
				C6C9985727FF145F00311211 /* Info.plist */,
				C6C9984F27FF145600311211 /* OnStage.xcdatamodeld */,
			);
			path = OnStage;
			sourceTree = "<group>";
		};
		C6C9985F27FF146100311211 /* OnStageTests */ = {
			isa = PBXGroup;
			children = (
				C6C9986027FF146100311211 /* OnStageTests.swift */,
			);
			path = OnStageTests;
			sourceTree = "<group>";
		};
		C6C9986927FF146100311211 /* OnStageUITests */ = {
			isa = PBXGroup;
			children = (
				C6C9986A27FF146100311211 /* OnStageUITests.swift */,
				C6C9986C27FF146200311211 /* OnStageUITestsLaunchTests.swift */,
			);
			path = OnStageUITests;
			sourceTree = "<group>";
		};
/* End PBXGroup section */

/* Begin PBXNativeTarget section */
		C6C9984227FF145500311211 /* OnStage */ = {
			isa = PBXNativeTarget;
			buildConfigurationList = C6C9987027FF146200311211 /* Build configuration list for PBXNativeTarget "OnStage" */;
			buildPhases = (
				E9E6DC8299FD2F58971D0040 /* [CP] Check Pods Manifest.lock */,
				C6C9983F27FF145500311211 /* Sources */,
				C6C9984027FF145500311211 /* Frameworks */,
				C6C9984127FF145500311211 /* Resources */,
				3E8286433F068079866B18C8 /* [CP] Embed Pods Frameworks */,
			);
			buildRules = (
			);
			dependencies = (
			);
			name = OnStage;
			packageProductDependencies = (
				C690AEFE280F0EE1003B3ABB /* Alamofire */,
			);
			productName = OnStage;
			productReference = C6C9984327FF145500311211 /* OnStage.app */;
			productType = "com.apple.product-type.application";
		};
		C6C9985B27FF146100311211 /* OnStageTests */ = {
			isa = PBXNativeTarget;
			buildConfigurationList = C6C9987327FF146200311211 /* Build configuration list for PBXNativeTarget "OnStageTests" */;
			buildPhases = (
				C6C9985827FF146100311211 /* Sources */,
				C6C9985927FF146100311211 /* Frameworks */,
				C6C9985A27FF146100311211 /* Resources */,
			);
			buildRules = (
			);
			dependencies = (
				C6C9985E27FF146100311211 /* PBXTargetDependency */,
			);
			name = OnStageTests;
			productName = OnStageTests;
			productReference = C6C9985C27FF146100311211 /* OnStageTests.xctest */;
			productType = "com.apple.product-type.bundle.unit-test";
		};
		C6C9986527FF146100311211 /* OnStageUITests */ = {
			isa = PBXNativeTarget;
			buildConfigurationList = C6C9987627FF146200311211 /* Build configuration list for PBXNativeTarget "OnStageUITests" */;
			buildPhases = (
				C6C9986227FF146100311211 /* Sources */,
				C6C9986327FF146100311211 /* Frameworks */,
				C6C9986427FF146100311211 /* Resources */,
			);
			buildRules = (
			);
			dependencies = (
				C6C9986827FF146100311211 /* PBXTargetDependency */,
			);
			name = OnStageUITests;
			productName = OnStageUITests;
			productReference = C6C9986627FF146100311211 /* OnStageUITests.xctest */;
			productType = "com.apple.product-type.bundle.ui-testing";
		};
/* End PBXNativeTarget section */

/* Begin PBXProject section */
		C6C9983B27FF145500311211 /* Project object */ = {
			isa = PBXProject;
			attributes = {
				BuildIndependentTargetsInParallel = 1;
				LastSwiftUpdateCheck = 1330;
				LastUpgradeCheck = 1330;
				TargetAttributes = {
					C6C9984227FF145500311211 = {
						CreatedOnToolsVersion = 13.3;
					};
					C6C9985B27FF146100311211 = {
						CreatedOnToolsVersion = 13.3;
						TestTargetID = C6C9984227FF145500311211;
					};
					C6C9986527FF146100311211 = {
						CreatedOnToolsVersion = 13.3;
						TestTargetID = C6C9984227FF145500311211;
					};
				};
			};
			buildConfigurationList = C6C9983E27FF145500311211 /* Build configuration list for PBXProject "OnStage" */;
			compatibilityVersion = "Xcode 13.0";
			developmentRegion = en;
			hasScannedForEncodings = 0;
			knownRegions = (
				en,
				Base,
			);
			mainGroup = C6C9983A27FF145500311211;
			packageReferences = (
				C690AEFD280F0EE1003B3ABB /* XCRemoteSwiftPackageReference "Alamofire" */,
			);
			productRefGroup = C6C9984427FF145500311211 /* Products */;
			projectDirPath = "";
			projectRoot = "";
			targets = (
				C6C9984227FF145500311211 /* OnStage */,
				C6C9985B27FF146100311211 /* OnStageTests */,
				C6C9986527FF146100311211 /* OnStageUITests */,
			);
		};
/* End PBXProject section */

/* Begin PBXResourcesBuildPhase section */
		C6C9984127FF145500311211 /* Resources */ = {
			isa = PBXResourcesBuildPhase;
			buildActionMask = 2147483647;
			files = (
				C6C9985627FF145F00311211 /* LaunchScreen.storyboard in Resources */,
				C6C9985327FF145E00311211 /* Assets.xcassets in Resources */,
				C6C9984E27FF145600311211 /* Main.storyboard in Resources */,
				C6233AE92806295200693ED0 /* TED.mp4 in Resources */,
			);
			runOnlyForDeploymentPostprocessing = 0;
		};
		C6C9985A27FF146100311211 /* Resources */ = {
			isa = PBXResourcesBuildPhase;
			buildActionMask = 2147483647;
			files = (
			);
			runOnlyForDeploymentPostprocessing = 0;
		};
		C6C9986427FF146100311211 /* Resources */ = {
			isa = PBXResourcesBuildPhase;
			buildActionMask = 2147483647;
			files = (
			);
			runOnlyForDeploymentPostprocessing = 0;
		};
/* End PBXResourcesBuildPhase section */

/* Begin PBXShellScriptBuildPhase section */
		3E8286433F068079866B18C8 /* [CP] Embed Pods Frameworks */ = {
			isa = PBXShellScriptBuildPhase;
			buildActionMask = 2147483647;
			files = (
			);
			inputFileListPaths = (
				"${PODS_ROOT}/Target Support Files/Pods-OnStage/Pods-OnStage-frameworks-${CONFIGURATION}-input-files.xcfilelist",
			);
			name = "[CP] Embed Pods Frameworks";
			outputFileListPaths = (
				"${PODS_ROOT}/Target Support Files/Pods-OnStage/Pods-OnStage-frameworks-${CONFIGURATION}-output-files.xcfilelist",
			);
			runOnlyForDeploymentPostprocessing = 0;
			shellPath = /bin/sh;
			shellScript = "\"${PODS_ROOT}/Target Support Files/Pods-OnStage/Pods-OnStage-frameworks.sh\"\n";
			showEnvVarsInLog = 0;
		};
		E9E6DC8299FD2F58971D0040 /* [CP] Check Pods Manifest.lock */ = {
			isa = PBXShellScriptBuildPhase;
			buildActionMask = 2147483647;
			files = (
			);
			inputFileListPaths = (
			);
			inputPaths = (
				"${PODS_PODFILE_DIR_PATH}/Podfile.lock",
				"${PODS_ROOT}/Manifest.lock",
			);
			name = "[CP] Check Pods Manifest.lock";
			outputFileListPaths = (
			);
			outputPaths = (
				"$(DERIVED_FILE_DIR)/Pods-OnStage-checkManifestLockResult.txt",
			);
			runOnlyForDeploymentPostprocessing = 0;
			shellPath = /bin/sh;
			shellScript = "diff \"${PODS_PODFILE_DIR_PATH}/Podfile.lock\" \"${PODS_ROOT}/Manifest.lock\" > /dev/null\nif [ $? != 0 ] ; then\n    # print error to STDERR\n    echo \"error: The sandbox is not in sync with the Podfile.lock. Run 'pod install' or update your CocoaPods installation.\" >&2\n    exit 1\nfi\n# This output is used by Xcode 'outputs' to avoid re-running this script phase.\necho \"SUCCESS\" > \"${SCRIPT_OUTPUT_FILE_0}\"\n";
			showEnvVarsInLog = 0;
		};
/* End PBXShellScriptBuildPhase section */

/* Begin PBXSourcesBuildPhase section */
		C6C9983F27FF145500311211 /* Sources */ = {
			isa = PBXSourcesBuildPhase;
			buildActionMask = 2147483647;
			files = (
				C6C9984B27FF145600311211 /* ViewController.swift in Sources */,
				C6820DE728214D950047AF58 /* ModifProfileViewController.swift in Sources */,
				C690AEFC280F0D8C003B3ABB /* APIManagaer.swift in Sources */,
				C6C9985127FF145600311211 /* OnStage.xcdatamodeld in Sources */,
				C635F5922821F50200714F8C /* AddPostViewController.swift in Sources */,
				C690AF05280F1A35003B3ABB /* sendCodeController.swift in Sources */,
				C6233AEB28062B0300693ED0 /* VideosViewController.swift in Sources */,
				C6B8D800280029B200C8AF5E /* NewsViewController.swift in Sources */,
				C6C9984727FF145600311211 /* AppDelegate.swift in Sources */,
				C6233AED280634FF00693ED0 /* VideoCollectionViewCell.swift in Sources */,
				C690AF03280F1211003B3ABB /* Constant.swift in Sources */,
				C635F58C2821EFCF00714F8C /* ImagePickerManager.swift in Sources */,
				C690AF01280F1153003B3ABB /* UserModel.swift in Sources */,
				C60745B5280FA25D00E23669 /* verifCodeController.swift in Sources */,
				C635F58E2821F24400714F8C /* Alert.swift in Sources */,
				C6C9984927FF145600311211 /* SceneDelegate.swift in Sources */,
			);
			runOnlyForDeploymentPostprocessing = 0;
		};
		C6C9985827FF146100311211 /* Sources */ = {
			isa = PBXSourcesBuildPhase;
			buildActionMask = 2147483647;
			files = (
				C6C9986127FF146100311211 /* OnStageTests.swift in Sources */,
			);
			runOnlyForDeploymentPostprocessing = 0;
		};
		C6C9986227FF146100311211 /* Sources */ = {
			isa = PBXSourcesBuildPhase;
			buildActionMask = 2147483647;
			files = (
				C6C9986D27FF146200311211 /* OnStageUITestsLaunchTests.swift in Sources */,
				C6C9986B27FF146100311211 /* OnStageUITests.swift in Sources */,
			);
			runOnlyForDeploymentPostprocessing = 0;
		};
/* End PBXSourcesBuildPhase section */

/* Begin PBXTargetDependency section */
		C6C9985E27FF146100311211 /* PBXTargetDependency */ = {
			isa = PBXTargetDependency;
			target = C6C9984227FF145500311211 /* OnStage */;
			targetProxy = C6C9985D27FF146100311211 /* PBXContainerItemProxy */;
		};
		C6C9986827FF146100311211 /* PBXTargetDependency */ = {
			isa = PBXTargetDependency;
			target = C6C9984227FF145500311211 /* OnStage */;
			targetProxy = C6C9986727FF146100311211 /* PBXContainerItemProxy */;
		};
/* End PBXTargetDependency section */

/* Begin PBXVariantGroup section */
		C6C9984C27FF145600311211 /* Main.storyboard */ = {
			isa = PBXVariantGroup;
			children = (
				C6C9984D27FF145600311211 /* Base */,
			);
			name = Main.storyboard;
			sourceTree = "<group>";
		};
		C6C9985427FF145F00311211 /* LaunchScreen.storyboard */ = {
			isa = PBXVariantGroup;
			children = (
				C6C9985527FF145F00311211 /* Base */,
			);
			name = LaunchScreen.storyboard;
			sourceTree = "<group>";
		};
/* End PBXVariantGroup section */

/* Begin XCBuildConfiguration section */
		C6C9986E27FF146200311211 /* Debug */ = {
			isa = XCBuildConfiguration;
			buildSettings = {
				ALWAYS_SEARCH_USER_PATHS = NO;
				CLANG_ANALYZER_NONNULL = YES;
				CLANG_ANALYZER_NUMBER_OBJECT_CONVERSION = YES_AGGRESSIVE;
				CLANG_CXX_LANGUAGE_STANDARD = "gnu++17";
				CLANG_ENABLE_MODULES = YES;
				CLANG_ENABLE_OBJC_ARC = YES;
				CLANG_ENABLE_OBJC_WEAK = YES;
				CLANG_WARN_BLOCK_CAPTURE_AUTORELEASING = YES;
				CLANG_WARN_BOOL_CONVERSION = YES;
				CLANG_WARN_COMMA = YES;
				CLANG_WARN_CONSTANT_CONVERSION = YES;
				CLANG_WARN_DEPRECATED_OBJC_IMPLEMENTATIONS = YES;
				CLANG_WARN_DIRECT_OBJC_ISA_USAGE = YES_ERROR;
				CLANG_WARN_DOCUMENTATION_COMMENTS = YES;
				CLANG_WARN_EMPTY_BODY = YES;
				CLANG_WARN_ENUM_CONVERSION = YES;
				CLANG_WARN_INFINITE_RECURSION = YES;
				CLANG_WARN_INT_CONVERSION = YES;
				CLANG_WARN_NON_LITERAL_NULL_CONVERSION = YES;
				CLANG_WARN_OBJC_IMPLICIT_RETAIN_SELF = YES;
				CLANG_WARN_OBJC_LITERAL_CONVERSION = YES;
				CLANG_WARN_OBJC_ROOT_CLASS = YES_ERROR;
				CLANG_WARN_QUOTED_INCLUDE_IN_FRAMEWORK_HEADER = YES;
				CLANG_WARN_RANGE_LOOP_ANALYSIS = YES;
				CLANG_WARN_STRICT_PROTOTYPES = YES;
				CLANG_WARN_SUSPICIOUS_MOVE = YES;
				CLANG_WARN_UNGUARDED_AVAILABILITY = YES_AGGRESSIVE;
				CLANG_WARN_UNREACHABLE_CODE = YES;
				CLANG_WARN__DUPLICATE_METHOD_MATCH = YES;
				COPY_PHASE_STRIP = NO;
				DEBUG_INFORMATION_FORMAT = dwarf;
				ENABLE_STRICT_OBJC_MSGSEND = YES;
				ENABLE_TESTABILITY = YES;
				GCC_C_LANGUAGE_STANDARD = gnu11;
				GCC_DYNAMIC_NO_PIC = NO;
				GCC_NO_COMMON_BLOCKS = YES;
				GCC_OPTIMIZATION_LEVEL = 0;
				GCC_PREPROCESSOR_DEFINITIONS = (
					"DEBUG=1",
					"$(inherited)",
				);
				GCC_WARN_64_TO_32_BIT_CONVERSION = YES;
				GCC_WARN_ABOUT_RETURN_TYPE = YES_ERROR;
				GCC_WARN_UNDECLARED_SELECTOR = YES;
				GCC_WARN_UNINITIALIZED_AUTOS = YES_AGGRESSIVE;
				GCC_WARN_UNUSED_FUNCTION = YES;
				GCC_WARN_UNUSED_VARIABLE = YES;
				IPHONEOS_DEPLOYMENT_TARGET = 15.4;
				MTL_ENABLE_DEBUG_INFO = INCLUDE_SOURCE;
				MTL_FAST_MATH = YES;
				ONLY_ACTIVE_ARCH = YES;
				SDKROOT = iphoneos;
				SWIFT_ACTIVE_COMPILATION_CONDITIONS = DEBUG;
				SWIFT_OPTIMIZATION_LEVEL = "-Onone";
			};
			name = Debug;
		};
		C6C9986F27FF146200311211 /* Release */ = {
			isa = XCBuildConfiguration;
			buildSettings = {
				ALWAYS_SEARCH_USER_PATHS = NO;
				CLANG_ANALYZER_NONNULL = YES;
				CLANG_ANALYZER_NUMBER_OBJECT_CONVERSION = YES_AGGRESSIVE;
				CLANG_CXX_LANGUAGE_STANDARD = "gnu++17";
				CLANG_ENABLE_MODULES = YES;
				CLANG_ENABLE_OBJC_ARC = YES;
				CLANG_ENABLE_OBJC_WEAK = YES;
				CLANG_WARN_BLOCK_CAPTURE_AUTORELEASING = YES;
				CLANG_WARN_BOOL_CONVERSION = YES;
				CLANG_WARN_COMMA = YES;
				CLANG_WARN_CONSTANT_CONVERSION = YES;
				CLANG_WARN_DEPRECATED_OBJC_IMPLEMENTATIONS = YES;
				CLANG_WARN_DIRECT_OBJC_ISA_USAGE = YES_ERROR;
				CLANG_WARN_DOCUMENTATION_COMMENTS = YES;
				CLANG_WARN_EMPTY_BODY = YES;
				CLANG_WARN_ENUM_CONVERSION = YES;
				CLANG_WARN_INFINITE_RECURSION = YES;
				CLANG_WARN_INT_CONVERSION = YES;
				CLANG_WARN_NON_LITERAL_NULL_CONVERSION = YES;
				CLANG_WARN_OBJC_IMPLICIT_RETAIN_SELF = YES;
				CLANG_WARN_OBJC_LITERAL_CONVERSION = YES;
				CLANG_WARN_OBJC_ROOT_CLASS = YES_ERROR;
				CLANG_WARN_QUOTED_INCLUDE_IN_FRAMEWORK_HEADER = YES;
				CLANG_WARN_RANGE_LOOP_ANALYSIS = YES;
				CLANG_WARN_STRICT_PROTOTYPES = YES;
				CLANG_WARN_SUSPICIOUS_MOVE = YES;
				CLANG_WARN_UNGUARDED_AVAILABILITY = YES_AGGRESSIVE;
				CLANG_WARN_UNREACHABLE_CODE = YES;
				CLANG_WARN__DUPLICATE_METHOD_MATCH = YES;
				COPY_PHASE_STRIP = NO;
				DEBUG_INFORMATION_FORMAT = "dwarf-with-dsym";
				ENABLE_NS_ASSERTIONS = NO;
				ENABLE_STRICT_OBJC_MSGSEND = YES;
				GCC_C_LANGUAGE_STANDARD = gnu11;
				GCC_NO_COMMON_BLOCKS = YES;
				GCC_WARN_64_TO_32_BIT_CONVERSION = YES;
				GCC_WARN_ABOUT_RETURN_TYPE = YES_ERROR;
				GCC_WARN_UNDECLARED_SELECTOR = YES;
				GCC_WARN_UNINITIALIZED_AUTOS = YES_AGGRESSIVE;
				GCC_WARN_UNUSED_FUNCTION = YES;
				GCC_WARN_UNUSED_VARIABLE = YES;
				IPHONEOS_DEPLOYMENT_TARGET = 15.4;
				MTL_ENABLE_DEBUG_INFO = NO;
				MTL_FAST_MATH = YES;
				SDKROOT = iphoneos;
				SWIFT_COMPILATION_MODE = wholemodule;
				SWIFT_OPTIMIZATION_LEVEL = "-O";
				VALIDATE_PRODUCT = YES;
			};
			name = Release;
		};
		C6C9987127FF146200311211 /* Debug */ = {
			isa = XCBuildConfiguration;
			baseConfigurationReference = 355BC1D8E976D841A3F9DF0C /* Pods-OnStage.debug.xcconfig */;
			buildSettings = {
				ASSETCATALOG_COMPILER_APPICON_NAME = AppIcon;
				ASSETCATALOG_COMPILER_GLOBAL_ACCENT_COLOR_NAME = AccentColor;
				CODE_SIGN_STYLE = Automatic;
				CURRENT_PROJECT_VERSION = 1;
				GENERATE_INFOPLIST_FILE = YES;
				INFOPLIST_FILE = OnStage/Info.plist;
				INFOPLIST_KEY_UIApplicationSupportsIndirectInputEvents = YES;
				INFOPLIST_KEY_UILaunchStoryboardName = LaunchScreen;
				INFOPLIST_KEY_UIMainStoryboardFile = Main;
				INFOPLIST_KEY_UISupportedInterfaceOrientations_iPad = "UIInterfaceOrientationPortrait UIInterfaceOrientationPortraitUpsideDown UIInterfaceOrientationLandscapeLeft UIInterfaceOrientationLandscapeRight";
				INFOPLIST_KEY_UISupportedInterfaceOrientations_iPhone = "UIInterfaceOrientationPortrait UIInterfaceOrientationLandscapeLeft UIInterfaceOrientationLandscapeRight";
				LD_RUNPATH_SEARCH_PATHS = (
					"$(inherited)",
					"@executable_path/Frameworks",
				);
				MARKETING_VERSION = 1.0;
				PRODUCT_BUNDLE_IDENTIFIER = jihen.OnStage;
				PRODUCT_NAME = "$(TARGET_NAME)";
				SWIFT_EMIT_LOC_STRINGS = YES;
				SWIFT_VERSION = 5.0;
				TARGETED_DEVICE_FAMILY = "1,2";
			};
			name = Debug;
		};
		C6C9987227FF146200311211 /* Release */ = {
			isa = XCBuildConfiguration;
			baseConfigurationReference = 7E6063B9B90C341D1C92D010 /* Pods-OnStage.release.xcconfig */;
			buildSettings = {
				ASSETCATALOG_COMPILER_APPICON_NAME = AppIcon;
				ASSETCATALOG_COMPILER_GLOBAL_ACCENT_COLOR_NAME = AccentColor;
				CODE_SIGN_STYLE = Automatic;
				CURRENT_PROJECT_VERSION = 1;
				GENERATE_INFOPLIST_FILE = YES;
				INFOPLIST_FILE = OnStage/Info.plist;
				INFOPLIST_KEY_UIApplicationSupportsIndirectInputEvents = YES;
				INFOPLIST_KEY_UILaunchStoryboardName = LaunchScreen;
				INFOPLIST_KEY_UIMainStoryboardFile = Main;
				INFOPLIST_KEY_UISupportedInterfaceOrientations_iPad = "UIInterfaceOrientationPortrait UIInterfaceOrientationPortraitUpsideDown UIInterfaceOrientationLandscapeLeft UIInterfaceOrientationLandscapeRight";
				INFOPLIST_KEY_UISupportedInterfaceOrientations_iPhone = "UIInterfaceOrientationPortrait UIInterfaceOrientationLandscapeLeft UIInterfaceOrientationLandscapeRight";
				LD_RUNPATH_SEARCH_PATHS = (
					"$(inherited)",
					"@executable_path/Frameworks",
				);
				MARKETING_VERSION = 1.0;
				PRODUCT_BUNDLE_IDENTIFIER = jihen.OnStage;
				PRODUCT_NAME = "$(TARGET_NAME)";
				SWIFT_EMIT_LOC_STRINGS = YES;
				SWIFT_VERSION = 5.0;
				TARGETED_DEVICE_FAMILY = "1,2";
			};
			name = Release;
		};
		C6C9987427FF146200311211 /* Debug */ = {
			isa = XCBuildConfiguration;
			buildSettings = {
				ALWAYS_EMBED_SWIFT_STANDARD_LIBRARIES = YES;
				BUNDLE_LOADER = "$(TEST_HOST)";
				CODE_SIGN_STYLE = Automatic;
				CURRENT_PROJECT_VERSION = 1;
				GENERATE_INFOPLIST_FILE = YES;
				IPHONEOS_DEPLOYMENT_TARGET = 15.4;
				MARKETING_VERSION = 1.0;
				PRODUCT_BUNDLE_IDENTIFIER = jihen.OnStageTests;
				PRODUCT_NAME = "$(TARGET_NAME)";
				SWIFT_EMIT_LOC_STRINGS = NO;
				SWIFT_VERSION = 5.0;
				TARGETED_DEVICE_FAMILY = "1,2";
				TEST_HOST = "$(BUILT_PRODUCTS_DIR)/OnStage.app/OnStage";
			};
			name = Debug;
		};
		C6C9987527FF146200311211 /* Release */ = {
			isa = XCBuildConfiguration;
			buildSettings = {
				ALWAYS_EMBED_SWIFT_STANDARD_LIBRARIES = YES;
				BUNDLE_LOADER = "$(TEST_HOST)";
				CODE_SIGN_STYLE = Automatic;
				CURRENT_PROJECT_VERSION = 1;
				GENERATE_INFOPLIST_FILE = YES;
				IPHONEOS_DEPLOYMENT_TARGET = 15.4;
				MARKETING_VERSION = 1.0;
				PRODUCT_BUNDLE_IDENTIFIER = jihen.OnStageTests;
				PRODUCT_NAME = "$(TARGET_NAME)";
				SWIFT_EMIT_LOC_STRINGS = NO;
				SWIFT_VERSION = 5.0;
				TARGETED_DEVICE_FAMILY = "1,2";
				TEST_HOST = "$(BUILT_PRODUCTS_DIR)/OnStage.app/OnStage";
			};
			name = Release;
		};
		C6C9987727FF146200311211 /* Debug */ = {
			isa = XCBuildConfiguration;
			buildSettings = {
				ALWAYS_EMBED_SWIFT_STANDARD_LIBRARIES = YES;
				CODE_SIGN_STYLE = Automatic;
				CURRENT_PROJECT_VERSION = 1;
				GENERATE_INFOPLIST_FILE = YES;
				MARKETING_VERSION = 1.0;
				PRODUCT_BUNDLE_IDENTIFIER = jihen.OnStageUITests;
				PRODUCT_NAME = "$(TARGET_NAME)";
				SWIFT_EMIT_LOC_STRINGS = NO;
				SWIFT_VERSION = 5.0;
				TARGETED_DEVICE_FAMILY = "1,2";
				TEST_TARGET_NAME = OnStage;
			};
			name = Debug;
		};
		C6C9987827FF146200311211 /* Release */ = {
			isa = XCBuildConfiguration;
			buildSettings = {
				ALWAYS_EMBED_SWIFT_STANDARD_LIBRARIES = YES;
				CODE_SIGN_STYLE = Automatic;
				CURRENT_PROJECT_VERSION = 1;
				GENERATE_INFOPLIST_FILE = YES;
				MARKETING_VERSION = 1.0;
				PRODUCT_BUNDLE_IDENTIFIER = jihen.OnStageUITests;
				PRODUCT_NAME = "$(TARGET_NAME)";
				SWIFT_EMIT_LOC_STRINGS = NO;
				SWIFT_VERSION = 5.0;
				TARGETED_DEVICE_FAMILY = "1,2";
				TEST_TARGET_NAME = OnStage;
			};
			name = Release;
		};
/* End XCBuildConfiguration section */

/* Begin XCConfigurationList section */
		C6C9983E27FF145500311211 /* Build configuration list for PBXProject "OnStage" */ = {
			isa = XCConfigurationList;
			buildConfigurations = (
				C6C9986E27FF146200311211 /* Debug */,
				C6C9986F27FF146200311211 /* Release */,
			);
			defaultConfigurationIsVisible = 0;
			defaultConfigurationName = Release;
		};
		C6C9987027FF146200311211 /* Build configuration list for PBXNativeTarget "OnStage" */ = {
			isa = XCConfigurationList;
			buildConfigurations = (
				C6C9987127FF146200311211 /* Debug */,
				C6C9987227FF146200311211 /* Release */,
			);
			defaultConfigurationIsVisible = 0;
			defaultConfigurationName = Release;
		};
		C6C9987327FF146200311211 /* Build configuration list for PBXNativeTarget "OnStageTests" */ = {
			isa = XCConfigurationList;
			buildConfigurations = (
				C6C9987427FF146200311211 /* Debug */,
				C6C9987527FF146200311211 /* Release */,
			);
			defaultConfigurationIsVisible = 0;
			defaultConfigurationName = Release;
		};
		C6C9987627FF146200311211 /* Build configuration list for PBXNativeTarget "OnStageUITests" */ = {
			isa = XCConfigurationList;
			buildConfigurations = (
				C6C9987727FF146200311211 /* Debug */,
				C6C9987827FF146200311211 /* Release */,
			);
			defaultConfigurationIsVisible = 0;
			defaultConfigurationName = Release;
		};
/* End XCConfigurationList section */

/* Begin XCRemoteSwiftPackageReference section */
		C690AEFD280F0EE1003B3ABB /* XCRemoteSwiftPackageReference "Alamofire" */ = {
			isa = XCRemoteSwiftPackageReference;
			repositoryURL = "https://github.com/Alamofire/Alamofire.git";
			requirement = {
				kind = upToNextMajorVersion;
				minimumVersion = 5.0.0;
			};
		};
/* End XCRemoteSwiftPackageReference section */

/* Begin XCSwiftPackageProductDependency section */
		C690AEFE280F0EE1003B3ABB /* Alamofire */ = {
			isa = XCSwiftPackageProductDependency;
			package = C690AEFD280F0EE1003B3ABB /* XCRemoteSwiftPackageReference "Alamofire" */;
			productName = Alamofire;
		};
/* End XCSwiftPackageProductDependency section */

/* Begin XCVersionGroup section */
		C6C9984F27FF145600311211 /* OnStage.xcdatamodeld */ = {
			isa = XCVersionGroup;
			children = (
				C6C9985027FF145600311211 /* OnStage.xcdatamodel */,
			);
			currentVersion = C6C9985027FF145600311211 /* OnStage.xcdatamodel */;
			path = OnStage.xcdatamodeld;
			sourceTree = "<group>";
			versionGroupType = wrapper.xcdatamodel;
		};
/* End XCVersionGroup section */
	};
	rootObject = C6C9983B27FF145500311211 /* Project object */;
}
